
Microsoft Visual Studio Solution File, Format Version 12.00
Project("{FAE04EC0-301F-11D3-BF4B-00C04F79EFBC}") = "TranslateService.Presentation", "TranslateService.Presentation\TranslateService.Presentation.csproj", "{32A06FED-D090-4CC6-89F4-C34DC34D1948}"
EndProject
Project("{FAE04EC0-301F-11D3-BF4B-00C04F79EFBC}") = "TranslateService.Application", "TranslateService.Application\TranslateService.Application.csproj", "{5AF17519-C0CD-46C9-9543-9D020E995BC0}"
EndProject
Project("{FAE04EC0-301F-11D3-BF4B-00C04F79EFBC}") = "TranslateService.Persistence", "TranslateService.Persistence\TranslateService.Persistence.csproj", "{89A10223-25BD-4621-86BD-8D03ADAADD32}"
EndProject
Global
	GlobalSection(SolutionConfigurationPlatforms) = preSolution
		Debug|Any CPU = Debug|Any CPU
		Release|Any CPU = Release|Any CPU
	EndGlobalSection
	GlobalSection(ProjectConfigurationPlatforms) = postSolution
		{32A06FED-D090-4CC6-89F4-C34DC34D1948}.Debug|Any CPU.ActiveCfg = Debug|Any CPU
		{32A06FED-D090-4CC6-89F4-C34DC34D1948}.Debug|Any CPU.Build.0 = Debug|Any CPU
		{32A06FED-D090-4CC6-89F4-C34DC34D1948}.Release|Any CPU.ActiveCfg = Release|Any CPU
		{32A06FED-D090-4CC6-89F4-C34DC34D1948}.Release|Any CPU.Build.0 = Release|Any CPU
		{5AF17519-C0CD-46C9-9543-9D020E995BC0}.Debug|Any CPU.ActiveCfg = Debug|Any CPU
		{5AF17519-C0CD-46C9-9543-9D020E995BC0}.Debug|Any CPU.Build.0 = Debug|Any CPU
		{5AF17519-C0CD-46C9-9543-9D020E995BC0}.Release|Any CPU.ActiveCfg = Release|Any CPU
		{5AF17519-C0CD-46C9-9543-9D020E995BC0}.Release|Any CPU.Build.0 = Release|Any CPU
		{89A10223-25BD-4621-86BD-8D03ADAADD32}.Debug|Any CPU.ActiveCfg = Debug|Any CPU
		{89A10223-25BD-4621-86BD-8D03ADAADD32}.Debug|Any CPU.Build.0 = Debug|Any CPU
		{89A10223-25BD-4621-86BD-8D03ADAADD32}.Release|Any CPU.ActiveCfg = Release|Any CPU
		{89A10223-25BD-4621-86BD-8D03ADAADD32}.Release|Any CPU.Build.0 = Release|Any CPU
	EndGlobalSection
EndGlobal
